{
  "name": "eacl-readme-site",
  "lockfileVersion": 3,
  "requires": true,
  "packages": {
    "": {
      "name": "eacl-readme-site",
      "dependencies": {
        "github-markdown-css": "5.9.0",
        "marked": "18.0.13",
        "marked-gfm-heading-id": "4.1.4"
      }
    },
    "node_modules/github-markdown-css": {
      "version": "5.9.0",
      "resolved": "https://registry.npmjs.org/github-markdown-css/-/github-markdown-css-5.9.0.tgz",
      "integrity": "sha512-tmT5sY+zvg2302XLYEfH2mtkViIM1SWf2nvYoF5N1ZsO0V6B2qZTiw3GOzw4vpjLygK/KG35qRlPFweHqfzz5w==",
      "license": "MIT",
      "engines": {
        "node": ">=10"
      },
      "funding": {
        "url": "https://github.com/sponsors/sindresorhus"
      }
    },
    "node_modules/github-slugger": {
      "version": "2.0.0",
      "resolved": "https://registry.npmjs.org/github-slugger/-/github-slugger-2.0.0.tgz",
      "integrity": "sha512-IaOQ9puYtjrkq7Y0Ygl9KDZnrf/aiUJYUpVf89y8kyaxbRG7Y1SrX/jaumrv81vc61+kiMempujsM3Yw7w5qcw==",
      "license": "ISC"
    },
    "node_modules/marked": {
      "version": "18.0.13",
      "resolved": "https://registry.npmjs.org/marked/-/marked-18.0.13.tgz",
      "integrity": "sha512-xTxVzZsBFwunP6HDmtBkabUQEYArnP7/rMDGmPj9SlrKlQ4i8MdYVow+nJL0eOqwpUqhzBoTBRADGN6uYwPyOw==",
      "license": "MIT",
      "bin": {
        "marked": "bin/marked.js"
      },
      "engines": {
        "node": ">= 20"
      }
    },
    "node_modules/marked-gfm-heading-id": {
      "version": "4.1.4",
      "resolved": "https://registry.npmjs.org/marked-gfm-heading-id/-/marked-gfm-heading-id-4.1.4.tgz",
      "integrity": "sha512-CspnvVfHSkb/znqdPS4jUR8HtCjq3M/DnrsJCrfLBLvdrgbemmoINKpeWKQYkBiXAoBGejw0cV7xzqrPdup3WA==",
      "license": "MIT",
      "dependencies": {
        "github-slugger": "^2.0.0"
      },
      "peerDependencies": {
        "marked": ">=13 <19"
      }
    }
  }
}
